# This file is automatically @generated by Cargo.
# It is not intended for manual editing.
version = 3

[[package]]
name = "rustiny_computer_graphic"
version = "0.1.0"
dependencies = [
 "rustiny_fixed_point",
 "rustiny_linear_algebra",
 "rustiny_number",
]

[[package]]
name = "rustiny_fixed_point"
version = "0.1.8"
source = "registry+https://github.com/rust-lang/crates.io-index"
checksum = "6b8bfd38f4fed9df4a036fe3de0db9bfe7b0771eb559aba3fa6ad3d894630fd5"
dependencies = [
 "rustiny_number",
]

[[package]]
name = "rustiny_linear_algebra"
version = "0.1.4"
source = "registry+https://github.com/rust-lang/crates.io-index"
checksum = "a63d142727ad439e4cc6c3c8e76292d3e88833938ccf6eef2a325a490d688bad"
dependencies = [
 "rustiny_number",
]

[[package]]
name = "rustiny_number"
version = "0.1.6"
source = "registry+https://github.com/rust-lang/crates.io-index"
checksum = "8c6e25e436e430f2803b53c5ec5d019d4f62265e89ab02591352cc61fc181d65"

[[package]]
name = "rustiny_renderer"
version = "0.1.0"
dependencies = [
 "rustiny_computer_graphic",
 "rustiny_xfile",
]

[[package]]
name = "rustiny_xfile"
version = "0.1.0"
